
Microsoft Visual Studio Solution File, Format Version 12.00
# Visual Studio Version 17
VisualStudioVersion = 17.4.33122.133
MinimumVisualStudioVersion = 10.0.40219.1
Project("{9A19103F-16F7-4668-BE54-9A1E7A4F7556}") = "SpyderByteAPI", "SpyderByteAPI\SpyderByteAPI.csproj", "{43E1B50C-FB61-427F-A2FA-9CAF076033C1}"
EndProject
Global
	GlobalSection(SolutionConfigurationPlatforms) = preSolution
		Debug|Any CPU = Debug|Any CPU
		Release|Any CPU = Release|Any CPU
	EndGlobalSection
	GlobalSection(ProjectConfigurationPlatforms) = postSolution
		{43E1B50C-FB61-427F-A2FA-9CAF076033C1}.Debug|Any CPU.ActiveCfg = Debug|Any CPU
		{43E1B50C-FB61-427F-A2FA-9CAF076033C1}.Debug|Any CPU.Build.0 = Debug|Any CPU
		{43E1B50C-FB61-427F-A2FA-9CAF076033C1}.Release|Any CPU.ActiveCfg = Release|Any CPU
		{43E1B50C-FB61-427F-A2FA-9CAF076033C1}.Release|Any CPU.Build.0 = Release|Any CPU
	EndGlobalSection
	GlobalSection(SolutionProperties) = preSolution
		HideSolutionNode = FALSE
	EndGlobalSection
	GlobalSection(ExtensibilityGlobals) = postSolution
		SolutionGuid = {A578FA13-BCA7-4DCF-89E1-9D1B2CAC20DF}
	EndGlobalSection
EndGlobal
